
Microsoft Visual Studio Solution File, Format Version 12.00
# Visual Studio Version 16
VisualStudioVersion = 16.0.30711.63
MinimumVisualStudioVersion = 10.0.40219.1
Project("{9A19103F-16F7-4668-BE54-9A1E7A4F7556}") = "SOLID_basics", "SOLID_basics\SOLID_basics.csproj", "{8B2D5B59-87E0-483A-962B-22720CFC113C}"
EndProject
Project("{9A19103F-16F7-4668-BE54-9A1E7A4F7556}") = "Factory_Pattern", "Factory_Pattern\Factory_Pattern.csproj", "{D519DBCB-B6C2-4BBE-9F60-CDC60D5EB42D}"
EndProject
Project("{9A19103F-16F7-4668-BE54-9A1E7A4F7556}") = "LSP", "LSP\LSP.csproj", "{CB0BF179-97E2-49C0-8888-6E95F4D996AC}"
EndProject
Project("{FAE04EC0-301F-11D3-BF4B-00C04F79EFBC}") = "Strategy_Pattern", "Strategy_Pattern\Strategy_Pattern.csproj", "{90B8566E-A28E-4122-B982-6F45DE85FC46}"
EndProject
Global
	GlobalSection(SolutionConfigurationPlatforms) = preSolution
		Debug|Any CPU = Debug|Any CPU
		Release|Any CPU = Release|Any CPU
	EndGlobalSection
	GlobalSection(ProjectConfigurationPlatforms) = postSolution
		{8B2D5B59-87E0-483A-962B-22720CFC113C}.Debug|Any CPU.ActiveCfg = Debug|Any CPU
		{8B2D5B59-87E0-483A-962B-22720CFC113C}.Debug|Any CPU.Build.0 = Debug|Any CPU
		{8B2D5B59-87E0-483A-962B-22720CFC113C}.Release|Any CPU.ActiveCfg = Release|Any CPU
		{8B2D5B59-87E0-483A-962B-22720CFC113C}.Release|Any CPU.Build.0 = Release|Any CPU
		{D519DBCB-B6C2-4BBE-9F60-CDC60D5EB42D}.Debug|Any CPU.ActiveCfg = Debug|Any CPU
		{D519DBCB-B6C2-4BBE-9F60-CDC60D5EB42D}.Debug|Any CPU.Build.0 = Debug|Any CPU
		{D519DBCB-B6C2-4BBE-9F60-CDC60D5EB42D}.Release|Any CPU.ActiveCfg = Release|Any CPU
		{D519DBCB-B6C2-4BBE-9F60-CDC60D5EB42D}.Release|Any CPU.Build.0 = Release|Any CPU
		{CB0BF179-97E2-49C0-8888-6E95F4D996AC}.Debug|Any CPU.ActiveCfg = Debug|Any CPU
		{CB0BF179-97E2-49C0-8888-6E95F4D996AC}.Debug|Any CPU.Build.0 = Debug|Any CPU
		{CB0BF179-97E2-49C0-8888-6E95F4D996AC}.Release|Any CPU.ActiveCfg = Release|Any CPU
		{CB0BF179-97E2-49C0-8888-6E95F4D996AC}.Release|Any CPU.Build.0 = Release|Any CPU
		{90B8566E-A28E-4122-B982-6F45DE85FC46}.Debug|Any CPU.ActiveCfg = Debug|Any CPU
		{90B8566E-A28E-4122-B982-6F45DE85FC46}.Debug|Any CPU.Build.0 = Debug|Any CPU
		{90B8566E-A28E-4122-B982-6F45DE85FC46}.Release|Any CPU.ActiveCfg = Release|Any CPU
		{90B8566E-A28E-4122-B982-6F45DE85FC46}.Release|Any CPU.Build.0 = Release|Any CPU
	EndGlobalSection
	GlobalSection(SolutionProperties) = preSolution
		HideSolutionNode = FALSE
	EndGlobalSection
	GlobalSection(ExtensibilityGlobals) = postSolution
		SolutionGuid = {C93E19F3-1E70-455D-BBE0-C4AA5FB1585B}
	EndGlobalSection
EndGlobal
